// !$*UTF8*$!
{
	archiveVersion = 1;
	classes = {
	};
	objectVersion = 55;
	objects = {

/* Begin PBXBuildFile section */
		502BB8912886E679001C55FF /* AppDelegate.swift in Sources */ = {isa = PBXBuildFile; fileRef = 502BB8902886E679001C55FF /* AppDelegate.swift */; };
		502BB8932886E679001C55FF /* SceneDelegate.swift in Sources */ = {isa = PBXBuildFile; fileRef = 502BB8922886E679001C55FF /* SceneDelegate.swift */; };
		502BB8952886E679001C55FF /* MainViewController.swift in Sources */ = {isa = PBXBuildFile; fileRef = 502BB8942886E679001C55FF /* MainViewController.swift */; };
		502BB8982886E679001C55FF /* Main.storyboard in Resources */ = {isa = PBXBuildFile; fileRef = 502BB8962886E679001C55FF /* Main.storyboard */; };
		502BB89A2886E67C001C55FF /* Assets.xcassets in Resources */ = {isa = PBXBuildFile; fileRef = 502BB8992886E67C001C55FF /* Assets.xcassets */; };
		502BB89D2886E67C001C55FF /* LaunchScreen.storyboard in Resources */ = {isa = PBXBuildFile; fileRef = 502BB89B2886E67C001C55FF /* LaunchScreen.storyboard */; };
		50383A0528BE613C001A5F9A /* Constants.swift in Sources */ = {isa = PBXBuildFile; fileRef = 50383A0428BE613C001A5F9A /* Constants.swift */; };
		50383A0728BE614C001A5F9A /* Extensions.swift in Sources */ = {isa = PBXBuildFile; fileRef = 50383A0628BE614C001A5F9A /* Extensions.swift */; };
		5058A41D2898648100940F87 /* Pokemon.swift in Sources */ = {isa = PBXBuildFile; fileRef = 5058A41C2898648100940F87 /* Pokemon.swift */; };
		5058A41F2898659500940F87 /* DetailViewController.swift in Sources */ = {isa = PBXBuildFile; fileRef = 5058A41E2898659500940F87 /* DetailViewController.swift */; };
		5058A421289865B200940F87 /* Detail.storyboard in Resources */ = {isa = PBXBuildFile; fileRef = 5058A420289865B200940F87 /* Detail.storyboard */; };
		506852B0289869B000753A0C /* PokemonController.swift in Sources */ = {isa = PBXBuildFile; fileRef = 506852AF289869B000753A0C /* PokemonController.swift */; };
		506852B3289869DD00753A0C /* NetworkService.swift in Sources */ = {isa = PBXBuildFile; fileRef = 506852B2289869DD00753A0C /* NetworkService.swift */; };
		506852B728996A0F00753A0C /* PokemonDetails.swift in Sources */ = {isa = PBXBuildFile; fileRef = 506852B628996A0F00753A0C /* PokemonDetails.swift */; };
		506852B928996A2600753A0C /* Sprites.swift in Sources */ = {isa = PBXBuildFile; fileRef = 506852B828996A2500753A0C /* Sprites.swift */; };
		50831AC2289D7E1F00CE4E54 /* Results.swift in Sources */ = {isa = PBXBuildFile; fileRef = 50831AC1289D7E1F00CE4E54 /* Results.swift */; };
		509FE73A2899D1BB00C227F3 /* NetworkingError.swift in Sources */ = {isa = PBXBuildFile; fileRef = 509FE7392899D1BB00C227F3 /* NetworkingError.swift */; };
/* End PBXBuildFile section */

/* Begin PBXFileReference section */
		502BB88D2886E679001C55FF /* combine-demo.app */ = {isa = PBXFileReference; explicitFileType = wrapper.application; includeInIndex = 0; path = "combine-demo.app"; sourceTree = BUILT_PRODUCTS_DIR; };
		502BB8902886E679001C55FF /* AppDelegate.swift */ = {isa = PBXFileReference; lastKnownFileType = sourcecode.swift; path = AppDelegate.swift; sourceTree = "<group>"; };
		502BB8922886E679001C55FF /* SceneDelegate.swift */ = {isa = PBXFileReference; lastKnownFileType = sourcecode.swift; path = SceneDelegate.swift; sourceTree = "<group>"; };
		502BB8942886E679001C55FF /* MainViewController.swift */ = {isa = PBXFileReference; lastKnownFileType = sourcecode.swift; path = MainViewController.swift; sourceTree = "<group>"; };
		502BB8972886E679001C55FF /* Base */ = {isa = PBXFileReference; lastKnownFileType = file.storyboard; name = Base; path = Base.lproj/Main.storyboard; sourceTree = "<group>"; };
		502BB8992886E67C001C55FF /* Assets.xcassets */ = {isa = PBXFileReference; lastKnownFileType = folder.assetcatalog; path = Assets.xcassets; sourceTree = "<group>"; };
		502BB89C2886E67C001C55FF /* Base */ = {isa = PBXFileReference; lastKnownFileType = file.storyboard; name = Base; path = Base.lproj/LaunchScreen.storyboard; sourceTree = "<group>"; };
		502BB89E2886E67C001C55FF /* Info.plist */ = {isa = PBXFileReference; lastKnownFileType = text.plist.xml; path = Info.plist; sourceTree = "<group>"; };
		50383A0428BE613C001A5F9A /* Constants.swift */ = {isa = PBXFileReference; lastKnownFileType = sourcecode.swift; path = Constants.swift; sourceTree = "<group>"; };
		50383A0628BE614C001A5F9A /* Extensions.swift */ = {isa = PBXFileReference; lastKnownFileType = sourcecode.swift; path = Extensions.swift; sourceTree = "<group>"; };
		5058A41C2898648100940F87 /* Pokemon.swift */ = {isa = PBXFileReference; lastKnownFileType = sourcecode.swift; path = Pokemon.swift; sourceTree = "<group>"; };
		5058A41E2898659500940F87 /* DetailViewController.swift */ = {isa = PBXFileReference; lastKnownFileType = sourcecode.swift; path = DetailViewController.swift; sourceTree = "<group>"; };
		5058A420289865B200940F87 /* Detail.storyboard */ = {isa = PBXFileReference; lastKnownFileType = file.storyboard; path = Detail.storyboard; sourceTree = "<group>"; };
		506852AF289869B000753A0C /* PokemonController.swift */ = {isa = PBXFileReference; lastKnownFileType = sourcecode.swift; path = PokemonController.swift; sourceTree = "<group>"; };
		506852B2289869DD00753A0C /* NetworkService.swift */ = {isa = PBXFileReference; lastKnownFileType = sourcecode.swift; path = NetworkService.swift; sourceTree = "<group>"; };
		506852B628996A0F00753A0C /* PokemonDetails.swift */ = {isa = PBXFileReference; lastKnownFileType = sourcecode.swift; path = PokemonDetails.swift; sourceTree = "<group>"; };
		506852B828996A2500753A0C /* Sprites.swift */ = {isa = PBXFileReference; lastKnownFileType = sourcecode.swift; path = Sprites.swift; sourceTree = "<group>"; };
		50831AC1289D7E1F00CE4E54 /* Results.swift */ = {isa = PBXFileReference; lastKnownFileType = sourcecode.swift; path = Results.swift; sourceTree = "<group>"; };
		509FE7392899D1BB00C227F3 /* NetworkingError.swift */ = {isa = PBXFileReference; lastKnownFileType = sourcecode.swift; path = NetworkingError.swift; sourceTree = "<group>"; };
/* End PBXFileReference section */

/* Begin PBXFrameworksBuildPhase section */
		502BB88A2886E679001C55FF /* Frameworks */ = {
			isa = PBXFrameworksBuildPhase;
			buildActionMask = 2147483647;
			files = (
			);
			runOnlyForDeploymentPostprocessing = 0;
		};
/* End PBXFrameworksBuildPhase section */

/* Begin PBXGroup section */
		502BB8842886E679001C55FF = {
			isa = PBXGroup;
			children = (
				502BB88F2886E679001C55FF /* combine-demo */,
				502BB88E2886E679001C55FF /* Products */,
			);
			sourceTree = "<group>";
		};
		502BB88E2886E679001C55FF /* Products */ = {
			isa = PBXGroup;
			children = (
				502BB88D2886E679001C55FF /* combine-demo.app */,
			);
			name = Products;
			sourceTree = "<group>";
		};
		502BB88F2886E679001C55FF /* combine-demo */ = {
			isa = PBXGroup;
			children = (
				502BB8902886E679001C55FF /* AppDelegate.swift */,
				502BB8922886E679001C55FF /* SceneDelegate.swift */,
				5058A41B2898647600940F87 /* Model */,
				5058A41928985B4800940F87 /* View */,
				506852B1289869BC00753A0C /* Controller */,
				506852B4289869E600753A0C /* Services */,
				509FE7382899D1B100C227F3 /* Supporting */,
				502BB8992886E67C001C55FF /* Assets.xcassets */,
				502BB89B2886E67C001C55FF /* LaunchScreen.storyboard */,
				502BB89E2886E67C001C55FF /* Info.plist */,
			);
			path = "combine-demo";
			sourceTree = "<group>";
		};
		5058A41928985B4800940F87 /* View */ = {
			isa = PBXGroup;
			children = (
				502BB8942886E679001C55FF /* MainViewController.swift */,
				5058A41E2898659500940F87 /* DetailViewController.swift */,
				5058A41A28985B5C00940F87 /* Storyboards */,
			);
			path = View;
			sourceTree = "<group>";
		};
		5058A41A28985B5C00940F87 /* Storyboards */ = {
			isa = PBXGroup;
			children = (
				502BB8962886E679001C55FF /* Main.storyboard */,
				5058A420289865B200940F87 /* Detail.storyboard */,
			);
			path = Storyboards;
			sourceTree = "<group>";
		};
		5058A41B2898647600940F87 /* Model */ = {
			isa = PBXGroup;
			children = (
				50831AC1289D7E1F00CE4E54 /* Results.swift */,
				5058A41C2898648100940F87 /* Pokemon.swift */,
				506852B628996A0F00753A0C /* PokemonDetails.swift */,
				506852B828996A2500753A0C /* Sprites.swift */,
			);
			path = Model;
			sourceTree = "<group>";
		};
		506852B1289869BC00753A0C /* Controller */ = {
			isa = PBXGroup;
			children = (
				506852AF289869B000753A0C /* PokemonController.swift */,
			);
			path = Controller;
			sourceTree = "<group>";
		};
		506852B4289869E600753A0C /* Services */ = {
			isa = PBXGroup;
			children = (
				506852B2289869DD00753A0C /* NetworkService.swift */,
			);
			path = Services;
			sourceTree = "<group>";
		};
		509FE7382899D1B100C227F3 /* Supporting */ = {
			isa = PBXGroup;
			children = (
				509FE7392899D1BB00C227F3 /* NetworkingError.swift */,
				50383A0628BE614C001A5F9A /* Extensions.swift */,
				50383A0428BE613C001A5F9A /* Constants.swift */,
			);
			path = Supporting;
			sourceTree = "<group>";
		};
/* End PBXGroup section */

/* Begin PBXNativeTarget section */
		502BB88C2886E679001C55FF /* combine-demo */ = {
			isa = PBXNativeTarget;
			buildConfigurationList = 502BB8A12886E67C001C55FF /* Build configuration list for PBXNativeTarget "combine-demo" */;
			buildPhases = (
				502BB8892886E679001C55FF /* Sources */,
				502BB88A2886E679001C55FF /* Frameworks */,
				502BB88B2886E679001C55FF /* Resources */,
			);
			buildRules = (
			);
			dependencies = (
			);
			name = "combine-demo";
			productName = "combine-demo";
			productReference = 502BB88D2886E679001C55FF /* combine-demo.app */;
			productType = "com.apple.product-type.application";
		};
/* End PBXNativeTarget section */

/* Begin PBXProject section */
		502BB8852886E679001C55FF /* Project object */ = {
			isa = PBXProject;
			attributes = {
				BuildIndependentTargetsInParallel = 1;
				LastSwiftUpdateCheck = 1330;
				LastUpgradeCheck = 1330;
				TargetAttributes = {
					502BB88C2886E679001C55FF = {
						CreatedOnToolsVersion = 13.3.1;
					};
				};
			};
			buildConfigurationList = 502BB8882886E679001C55FF /* Build configuration list for PBXProject "combine-demo" */;
			compatibilityVersion = "Xcode 13.0";
			developmentRegion = en;
			hasScannedForEncodings = 0;
			knownRegions = (
				en,
				Base,
			);
			mainGroup = 502BB8842886E679001C55FF;
			productRefGroup = 502BB88E2886E679001C55FF /* Products */;
			projectDirPath = "";
			projectRoot = "";
			targets = (
				502BB88C2886E679001C55FF /* combine-demo */,
			);
		};
/* End PBXProject section */

/* Begin PBXResourcesBuildPhase section */
		502BB88B2886E679001C55FF /* Resources */ = {
			isa = PBXResourcesBuildPhase;
			buildActionMask = 2147483647;
			files = (
				502BB89D2886E67C001C55FF /* LaunchScreen.storyboard in Resources */,
				502BB89A2886E67C001C55FF /* Assets.xcassets in Resources */,
				502BB8982886E679001C55FF /* Main.storyboard in Resources */,
				5058A421289865B200940F87 /* Detail.storyboard in Resources */,
			);
			runOnlyForDeploymentPostprocessing = 0;
		};
/* End PBXResourcesBuildPhase section */

/* Begin PBXSourcesBuildPhase section */
		502BB8892886E679001C55FF /* Sources */ = {
			isa = PBXSourcesBuildPhase;
			buildActionMask = 2147483647;
			files = (
				502BB8952886E679001C55FF /* MainViewController.swift in Sources */,
				5058A41D2898648100940F87 /* Pokemon.swift in Sources */,
				5058A41F2898659500940F87 /* DetailViewController.swift in Sources */,
				506852B928996A2600753A0C /* Sprites.swift in Sources */,
				509FE73A2899D1BB00C227F3 /* NetworkingError.swift in Sources */,
				502BB8912886E679001C55FF /* AppDelegate.swift in Sources */,
				502BB8932886E679001C55FF /* SceneDelegate.swift in Sources */,
				50831AC2289D7E1F00CE4E54 /* Results.swift in Sources */,
				50383A0728BE614C001A5F9A /* Extensions.swift in Sources */,
				506852B0289869B000753A0C /* PokemonController.swift in Sources */,
				506852B728996A0F00753A0C /* PokemonDetails.swift in Sources */,
				506852B3289869DD00753A0C /* NetworkService.swift in Sources */,
				50383A0528BE613C001A5F9A /* Constants.swift in Sources */,
			);
			runOnlyForDeploymentPostprocessing = 0;
		};
/* End PBXSourcesBuildPhase section */

/* Begin PBXVariantGroup section */
		502BB8962886E679001C55FF /* Main.storyboard */ = {
			isa = PBXVariantGroup;
			children = (
				502BB8972886E679001C55FF /* Base */,
			);
			name = Main.storyboard;
			sourceTree = "<group>";
		};
		502BB89B2886E67C001C55FF /* LaunchScreen.storyboard */ = {
			isa = PBXVariantGroup;
			children = (
				502BB89C2886E67C001C55FF /* Base */,
			);
			name = LaunchScreen.storyboard;
			sourceTree = "<group>";
		};
/* End PBXVariantGroup section */

/* Begin XCBuildConfiguration section */
		502BB89F2886E67C001C55FF /* Debug */ = {
			isa = XCBuildConfiguration;
			buildSettings = {
				ALWAYS_SEARCH_USER_PATHS = NO;
				CLANG_ANALYZER_NONNULL = YES;
				CLANG_ANALYZER_NUMBER_OBJECT_CONVERSION = YES_AGGRESSIVE;
				CLANG_CXX_LANGUAGE_STANDARD = "gnu++17";
				CLANG_ENABLE_MODULES = YES;
				CLANG_ENABLE_OBJC_ARC = YES;
				CLANG_ENABLE_OBJC_WEAK = YES;
				CLANG_WARN_BLOCK_CAPTURE_AUTORELEASING = YES;
				CLANG_WARN_BOOL_CONVERSION = YES;
				CLANG_WARN_COMMA = YES;
				CLANG_WARN_CONSTANT_CONVERSION = YES;
				CLANG_WARN_DEPRECATED_OBJC_IMPLEMENTATIONS = YES;
				CLANG_WARN_DIRECT_OBJC_ISA_USAGE = YES_ERROR;
				CLANG_WARN_DOCUMENTATION_COMMENTS = YES;
				CLANG_WARN_EMPTY_BODY = YES;
				CLANG_WARN_ENUM_CONVERSION = YES;
				CLANG_WARN_INFINITE_RECURSION = YES;
				CLANG_WARN_INT_CONVERSION = YES;
				CLANG_WARN_NON_LITERAL_NULL_CONVERSION = YES;
				CLANG_WARN_OBJC_IMPLICIT_RETAIN_SELF = YES;
				CLANG_WARN_OBJC_LITERAL_CONVERSION = YES;
				CLANG_WARN_OBJC_ROOT_CLASS = YES_ERROR;
				CLANG_WARN_QUOTED_INCLUDE_IN_FRAMEWORK_HEADER = YES;
				CLANG_WARN_RANGE_LOOP_ANALYSIS = YES;
				CLANG_WARN_STRICT_PROTOTYPES = YES;
				CLANG_WARN_SUSPICIOUS_MOVE = YES;
				CLANG_WARN_UNGUARDED_AVAILABILITY = YES_AGGRESSIVE;
				CLANG_WARN_UNREACHABLE_CODE = YES;
				CLANG_WARN__DUPLICATE_METHOD_MATCH = YES;
				COPY_PHASE_STRIP = NO;
				DEBUG_INFORMATION_FORMAT = dwarf;
				ENABLE_STRICT_OBJC_MSGSEND = YES;
				ENABLE_TESTABILITY = YES;
				GCC_C_LANGUAGE_STANDARD = gnu11;
				GCC_DYNAMIC_NO_PIC = NO;
				GCC_NO_COMMON_BLOCKS = YES;
				GCC_OPTIMIZATION_LEVEL = 0;
				GCC_PREPROCESSOR_DEFINITIONS = (
					"DEBUG=1",
					"$(inherited)",
				);
				GCC_WARN_64_TO_32_BIT_CONVERSION = YES;
				GCC_WARN_ABOUT_RETURN_TYPE = YES_ERROR;
				GCC_WARN_UNDECLARED_SELECTOR = YES;
				GCC_WARN_UNINITIALIZED_AUTOS = YES_AGGRESSIVE;
				GCC_WARN_UNUSED_FUNCTION = YES;
				GCC_WARN_UNUSED_VARIABLE = YES;
				IPHONEOS_DEPLOYMENT_TARGET = 15.4;
				MTL_ENABLE_DEBUG_INFO = INCLUDE_SOURCE;
				MTL_FAST_MATH = YES;
				ONLY_ACTIVE_ARCH = YES;
				SDKROOT = iphoneos;
				SWIFT_ACTIVE_COMPILATION_CONDITIONS = DEBUG;
				SWIFT_OPTIMIZATION_LEVEL = "-Onone";
			};
			name = Debug;
		};
		502BB8A02886E67C001C55FF /* Release */ = {
			isa = XCBuildConfiguration;
			buildSettings = {
				ALWAYS_SEARCH_USER_PATHS = NO;
				CLANG_ANALYZER_NONNULL = YES;
				CLANG_ANALYZER_NUMBER_OBJECT_CONVERSION = YES_AGGRESSIVE;
				CLANG_CXX_LANGUAGE_STANDARD = "gnu++17";
				CLANG_ENABLE_MODULES = YES;
				CLANG_ENABLE_OBJC_ARC = YES;
				CLANG_ENABLE_OBJC_WEAK = YES;
				CLANG_WARN_BLOCK_CAPTURE_AUTORELEASING = YES;
				CLANG_WARN_BOOL_CONVERSION = YES;
				CLANG_WARN_COMMA = YES;
				CLANG_WARN_CONSTANT_CONVERSION = YES;
				CLANG_WARN_DEPRECATED_OBJC_IMPLEMENTATIONS = YES;
				CLANG_WARN_DIRECT_OBJC_ISA_USAGE = YES_ERROR;
				CLANG_WARN_DOCUMENTATION_COMMENTS = YES;
				CLANG_WARN_EMPTY_BODY = YES;
				CLANG_WARN_ENUM_CONVERSION = YES;
				CLANG_WARN_INFINITE_RECURSION = YES;
				CLANG_WARN_INT_CONVERSION = YES;
				CLANG_WARN_NON_LITERAL_NULL_CONVERSION = YES;
				CLANG_WARN_OBJC_IMPLICIT_RETAIN_SELF = YES;
				CLANG_WARN_OBJC_LITERAL_CONVERSION = YES;
				CLANG_WARN_OBJC_ROOT_CLASS = YES_ERROR;
				CLANG_WARN_QUOTED_INCLUDE_IN_FRAMEWORK_HEADER = YES;
				CLANG_WARN_RANGE_LOOP_ANALYSIS = YES;
				CLANG_WARN_STRICT_PROTOTYPES = YES;
				CLANG_WARN_SUSPICIOUS_MOVE = YES;
				CLANG_WARN_UNGUARDED_AVAILABILITY = YES_AGGRESSIVE;
				CLANG_WARN_UNREACHABLE_CODE = YES;
				CLANG_WARN__DUPLICATE_METHOD_MATCH = YES;
				COPY_PHASE_STRIP = NO;
				DEBUG_INFORMATION_FORMAT = "dwarf-with-dsym";
				ENABLE_NS_ASSERTIONS = NO;
				ENABLE_STRICT_OBJC_MSGSEND = YES;
				GCC_C_LANGUAGE_STANDARD = gnu11;
				GCC_NO_COMMON_BLOCKS = YES;
				GCC_WARN_64_TO_32_BIT_CONVERSION = YES;
				GCC_WARN_ABOUT_RETURN_TYPE = YES_ERROR;
				GCC_WARN_UNDECLARED_SELECTOR = YES;
				GCC_WARN_UNINITIALIZED_AUTOS = YES_AGGRESSIVE;
				GCC_WARN_UNUSED_FUNCTION = YES;
				GCC_WARN_UNUSED_VARIABLE = YES;
				IPHONEOS_DEPLOYMENT_TARGET = 15.4;
				MTL_ENABLE_DEBUG_INFO = NO;
				MTL_FAST_MATH = YES;
				SDKROOT = iphoneos;
				SWIFT_COMPILATION_MODE = wholemodule;
				SWIFT_OPTIMIZATION_LEVEL = "-O";
				VALIDATE_PRODUCT = YES;
			};
			name = Release;
		};
		502BB8A22886E67C001C55FF /* Debug */ = {
			isa = XCBuildConfiguration;
			buildSettings = {
				ASSETCATALOG_COMPILER_APPICON_NAME = AppIcon;
				ASSETCATALOG_COMPILER_GLOBAL_ACCENT_COLOR_NAME = AccentColor;
				CODE_SIGN_STYLE = Automatic;
				CURRENT_PROJECT_VERSION = 1;
				DEVELOPMENT_TEAM = MD99PJ2344;
				GENERATE_INFOPLIST_FILE = YES;
				INFOPLIST_FILE = "combine-demo/Info.plist";
				INFOPLIST_KEY_UIApplicationSupportsIndirectInputEvents = YES;
				INFOPLIST_KEY_UILaunchStoryboardName = LaunchScreen;
				INFOPLIST_KEY_UIMainStoryboardFile = Main;
				INFOPLIST_KEY_UISupportedInterfaceOrientations_iPad = "UIInterfaceOrientationPortrait UIInterfaceOrientationPortraitUpsideDown UIInterfaceOrientationLandscapeLeft UIInterfaceOrientationLandscapeRight";
				INFOPLIST_KEY_UISupportedInterfaceOrientations_iPhone = "UIInterfaceOrientationPortrait UIInterfaceOrientationLandscapeLeft UIInterfaceOrientationLandscapeRight";
				LD_RUNPATH_SEARCH_PATHS = (
					"$(inherited)",
					"@executable_path/Frameworks",
				);
				MARKETING_VERSION = 1.0;
				PRODUCT_BUNDLE_IDENTIFIER = "cabmeurer.combine-demo";
				PRODUCT_NAME = "$(TARGET_NAME)";
				SWIFT_EMIT_LOC_STRINGS = YES;
				SWIFT_VERSION = 5.0;
				TARGETED_DEVICE_FAMILY = "1,2";
			};
			name = Debug;
		};
		502BB8A32886E67C001C55FF /* Release */ = {
			isa = XCBuildConfiguration;
			buildSettings = {
				ASSETCATALOG_COMPILER_APPICON_NAME = AppIcon;
				ASSETCATALOG_COMPILER_GLOBAL_ACCENT_COLOR_NAME = AccentColor;
				CODE_SIGN_STYLE = Automatic;
				CURRENT_PROJECT_VERSION = 1;
				DEVELOPMENT_TEAM = MD99PJ2344;
				GENERATE_INFOPLIST_FILE = YES;
				INFOPLIST_FILE = "combine-demo/Info.plist";
				INFOPLIST_KEY_UIApplicationSupportsIndirectInputEvents = YES;
				INFOPLIST_KEY_UILaunchStoryboardName = LaunchScreen;
				INFOPLIST_KEY_UIMainStoryboardFile = Main;
				INFOPLIST_KEY_UISupportedInterfaceOrientations_iPad = "UIInterfaceOrientationPortrait UIInterfaceOrientationPortraitUpsideDown UIInterfaceOrientationLandscapeLeft UIInterfaceOrientationLandscapeRight";
				INFOPLIST_KEY_UISupportedInterfaceOrientations_iPhone = "UIInterfaceOrientationPortrait UIInterfaceOrientationLandscapeLeft UIInterfaceOrientationLandscapeRight";
				LD_RUNPATH_SEARCH_PATHS = (
					"$(inherited)",
					"@executable_path/Frameworks",
				);
				MARKETING_VERSION = 1.0;
				PRODUCT_BUNDLE_IDENTIFIER = "cabmeurer.combine-demo";
				PRODUCT_NAME = "$(TARGET_NAME)";
				SWIFT_EMIT_LOC_STRINGS = YES;
				SWIFT_VERSION = 5.0;
				TARGETED_DEVICE_FAMILY = "1,2";
			};
			name = Release;
		};
/* End XCBuildConfiguration section */

/* Begin XCConfigurationList section */
		502BB8882886E679001C55FF /* Build configuration list for PBXProject "combine-demo" */ = {
			isa = XCConfigurationList;
			buildConfigurations = (
				502BB89F2886E67C001C55FF /* Debug */,
				502BB8A02886E67C001C55FF /* Release */,
			);
			defaultConfigurationIsVisible = 0;
			defaultConfigurationName = Release;
		};
		502BB8A12886E67C001C55FF /* Build configuration list for PBXNativeTarget "combine-demo" */ = {
			isa = XCConfigurationList;
			buildConfigurations = (
				502BB8A22886E67C001C55FF /* Debug */,
				502BB8A32886E67C001C55FF /* Release */,
			);
			defaultConfigurationIsVisible = 0;
			defaultConfigurationName = Release;
		};
/* End XCConfigurationList section */
	};
	rootObject = 502BB8852886E679001C55FF /* Project object */;
}
